
Microsoft Visual Studio Solution File, Format Version 12.00
# Visual Studio 15
VisualStudioVersion = 15.0.26730.3
MinimumVisualStudioVersion = 10.0.40219.1
Project("{8BC9CEB8-8B4A-11D0-8D11-00A0C91BC942}") = "Chapter8", "Chapter8\Chapter8.vcxproj", "{6FAAD8AC-FDB8-4AC0-9426-497C79D55D85}"
EndProject
Global
	GlobalSection(SolutionConfigurationPlatforms) = preSolution
		Debug|x64 = Debug|x64
		Debug|x86 = Debug|x86
		Release|x64 = Release|x64
		Release|x86 = Release|x86
	EndGlobalSection
	GlobalSection(ProjectConfigurationPlatforms) = postSolution
		{6FAAD8AC-FDB8-4AC0-9426-497C79D55D85}.Debug|x64.ActiveCfg = Debug|x64
		{6FAAD8AC-FDB8-4AC0-9426-497C79D55D85}.Debug|x64.Build.0 = Debug|x64
		{6FAAD8AC-FDB8-4AC0-9426-497C79D55D85}.Debug|x86.ActiveCfg = Debug|Win32
		{6FAAD8AC-FDB8-4AC0-9426-497C79D55D85}.Debug|x86.Build.0 = Debug|Win32
		{6FAAD8AC-FDB8-4AC0-9426-497C79D55D85}.Release|x64.ActiveCfg = Release|x64
		{6FAAD8AC-FDB8-4AC0-9426-497C79D55D85}.Release|x64.Build.0 = Release|x64
		{6FAAD8AC-FDB8-4AC0-9426-497C79D55D85}.Release|x86.ActiveCfg = Release|Win32
		{6FAAD8AC-FDB8-4AC0-9426-497C79D55D85}.Release|x86.Build.0 = Release|Win32
	EndGlobalSection
	GlobalSection(SolutionProperties) = preSolution
		HideSolutionNode = FALSE
	EndGlobalSection
	GlobalSection(ExtensibilityGlobals) = postSolution
		SolutionGuid = {2B43D5E4-9A56-44DD-9F10-54A54F7D6B00}
	EndGlobalSection
EndGlobal
